
Microsoft Visual Studio Solution File, Format Version 12.00
# Visual Studio Version 16
VisualStudioVersion = 25.0.1706.14
MinimumVisualStudioVersion = 10.0.40219.1
Project("{FAE04EC0-301F-11D3-BF4B-00C04F79EFBC}") = "Main Method Assignment", "Main Method Assignment\Main Method Assignment.csproj", "{B63277AE-7AB5-47D1-B519-20E42441B58F}"
EndProject
Global
	GlobalSection(SolutionConfigurationPlatforms) = preSolution
		Debug|Any CPU = Debug|Any CPU
		Release|Any CPU = Release|Any CPU
	EndGlobalSection
	GlobalSection(ProjectConfigurationPlatforms) = postSolution
		{B63277AE-7AB5-47D1-B519-20E42441B58F}.Debug|Any CPU.ActiveCfg = Debug|Any CPU
		{B63277AE-7AB5-47D1-B519-20E42441B58F}.Debug|Any CPU.Build.0 = Debug|Any CPU
		{B63277AE-7AB5-47D1-B519-20E42441B58F}.Release|Any CPU.ActiveCfg = Release|Any CPU
		{B63277AE-7AB5-47D1-B519-20E42441B58F}.Release|Any CPU.Build.0 = Release|Any CPU
	EndGlobalSection
	GlobalSection(SolutionProperties) = preSolution
		HideSolutionNode = FALSE
	EndGlobalSection
	GlobalSection(ExtensibilityGlobals) = postSolution
		SolutionGuid = {89F869E3-6195-4BFC-B308-3D9958CD2585}
	EndGlobalSection
EndGlobal
